<?xml version="1.0" encoding="UTF-8" standalone="yes" ?>
<CodeBlocks_project_file>
	<FileVersion major="1" minor="6" />
	<Project>
		<Option title="TF" />
		<Option pch_mode="2" />
		<Option compiler="gcc" />
		<Build>
			<Target title="Debug">
				<Option output="bin/Debug/TF" prefix_auto="1" extension_auto="1" />
				<Option object_output="obj/Debug/" />
				<Option type="1" />
				<Option compiler="gcc" />
				<Compiler>
					<Add option="-g" />
				</Compiler>
			</Target>
			<Target title="Release">
				<Option output="bin/Release/TF" prefix_auto="1" extension_auto="1" />
				<Option object_output="obj/Release/" />
				<Option type="1" />
				<Option compiler="gcc" />
				<Compiler>
					<Add option="-O2" />
				</Compiler>
				<Linker>
					<Add option="-s" />
				</Linker>
			</Target>
		</Build>
		<Compiler>
			<Add option="-Wall" />
		</Compiler>
		<Unit filename="cenario.c">
			<Option compilerVar="CC" />
		</Unit>
		<Unit filename="cenario.h" />
		<Unit filename="dijkstra.c">
			<Option compilerVar="CC" />
		</Unit>
		<Unit filename="dijkstra.h" />
		<Unit filename="entidade.c">
			<Option compilerVar="CC" />
		</Unit>
		<Unit filename="entidade.h" />
		<Unit filename="filaG.c">
			<Option compilerVar="CC" />
		</Unit>
		<Unit filename="filaG.h" />
		<Unit filename="grafo.c">
			<Option compilerVar="CC" />
		</Unit>
		<Unit filename="grafo.h" />
		<Unit filename="heap.c">
			<Option compilerVar="CC" />
		</Unit>
		<Unit filename="heap.h" />
		<Unit filename="listaG.c">
			<Option compilerVar="CC" />
		</Unit>
		<Unit filename="listaG.h" />
		<Unit filename="mapa.c">
			<Option compilerVar="CC" />
		</Unit>
		<Unit filename="mapa.h" />
		<Unit filename="menu.c">
			<Option compilerVar="CC" />
		</Unit>
		<Unit filename="menu.h" />
		<Unit filename="pilhaG.c">
			<Option compilerVar="CC" />
		</Unit>
		<Unit filename="pilhaG.h" />
		<Unit filename="teste.c">
			<Option compilerVar="CC" />
		</Unit>
		<Extensions>
			<lib_finder disable_auto="1" />
		</Extensions>
	</Project>
</CodeBlocks_project_file>
